github.com/72sevenzy2/Xrouter-middlewares v0.0.0-20260826133400-517ca0207c95 h1:cRlHe7C1K6pNxih1m6SLrB0QV0kZJ4hgOPgWM7fgiEI=
github.com/72sevenzy2/Xrouter-middlewares v0.0.0-20260826133400-517ca0207c95/go.mod h1:xCY9/gUDYpvdpgkDIdbdhDCKgBOZbMXuge7zGGDw+vM=
github.com/72sevenzy2/json-parser v0.0.0-20260722065308-0929b6a6cd79 h1:/Hh3wiX75gNF9XUFiwk/+0QYJCoVNVPiJqf0tqeZi6g=
github.com/72sevenzy2/json-parser v0.0.0-20260722065308-0929b6a6cd79/go.mod h1:wA/oKrssLUp44rupBrh/cRqQdl3qcLEoES5jK7+VpVg=
