github.com/72sevenzy2/Xrouter-middlewares v0.0.0-20260731120325-ef8aaaaff9d0 h1:+8IvBzFm3Y3gzx9B0KTKYalFS8V+QvJCtvZbvK8FI0c=
github.com/72sevenzy2/Xrouter-middlewares v0.0.0-20260731120325-ef8aaaaff9d0/go.mod h1:xCY9/gUDYpvdpgkDIdbdhDCKgBOZbMXuge7zGGDw+vM=
github.com/72sevenzy2/json-parser v0.0.0-20260722065308-0929b6a6cd79 h1:/Hh3wiX75gNF9XUFiwk/+0QYJCoVNVPiJqf0tqeZi6g=
github.com/72sevenzy2/json-parser v0.0.0-20260722065308-0929b6a6cd79/go.mod h1:wA/oKrssLUp44rupBrh/cRqQdl3qcLEoES5jK7+VpVg=
