github.com/72sevenzy2/Xrouter-middlewares v0.0.0-20260830145418-5e4e65640e75 h1:Ri4rmio3LUFERsQcxRfF4PmDloQ/eHfZnQMtErtk8Ak=
github.com/72sevenzy2/Xrouter-middlewares v0.0.0-20260830145418-5e4e65640e75/go.mod h1:xCY9/gUDYpvdpgkDIdbdhDCKgBOZbMXuge7zGGDw+vM=
github.com/72sevenzy2/json-parser v0.0.0-20260831131144-5225fcc281d0 h1:FMj0SSrnbwrjkPM8CCekidovz1Ej1tkevDxooRxCnxc=
github.com/72sevenzy2/json-parser v0.0.0-20260831131144-5225fcc281d0/go.mod h1:wA/oKrssLUp44rupBrh/cRqQdl3qcLEoES5jK7+VpVg=
